
Microsoft Visual Studio Solution File, Format Version 12.00
# Visual Studio 15
VisualStudioVersion = 15.0.27703.2026
MinimumVisualStudioVersion = 10.0.40219.1
Project("{2150E333-8FDC-42A3-9474-1A3956D46DE8}") = "Shop.Core", "Shop.Core", "{EC326E35-A355-4940-AFED-9202F0BC393C}"
EndProject
Project("{2150E333-8FDC-42A3-9474-1A3956D46DE8}") = "Shop.Parsers", "Shop.Parsers", "{205E2533-DAA2-4620-A83D-59A32399D5E3}"
EndProject
Project("{2150E333-8FDC-42A3-9474-1A3956D46DE8}") = "Shop.Parsers.Samson", "Shop.Parsers.Samson", "{58597C39-58A9-4FB2-B0B2-3D8A5FCFB909}"
EndProject
Project("{E53339B2-1760-4266-BCC7-CA923CBCF16C}") = "docker-compose", "docker-compose.dcproj", "{E61DF1CB-6F3B-4238-9498-AF69EFDCBB99}"
EndProject
Project("{9A19103F-16F7-4668-BE54-9A1E7A4F7556}") = "Shop.Infrastructure", "Shop.Core\Shop.Infrastructure\Shop.Infrastructure.csproj", "{157E7054-3B11-43B7-AD5D-1DDD6857E709}"
EndProject
Project("{9A19103F-16F7-4668-BE54-9A1E7A4F7556}") = "Shop.Parsers.SamsonOpt", "Shop.Parsers\Shop.Parsers.Samson\Shop.Parsers.SamsonOpt\Shop.Parsers.SamsonOpt.csproj", "{E8DB3DD5-D527-4F44-A23E-84A83E76AD74}"
EndProject
Project("{9A19103F-16F7-4668-BE54-9A1E7A4F7556}") = "Shop.Parsers.SamsonOpt.Service", "Shop.Parsers\Shop.Parsers.Samson\Shop.Parsers.SamsonOpt.Service\Shop.Parsers.SamsonOpt.Service.csproj", "{AD59FE8D-E9E8-4CCD-AC39-424B78309CFC}"
EndProject
Project("{9A19103F-16F7-4668-BE54-9A1E7A4F7556}") = "Shop.Parsers.SamsonOpt.Model", "Shop.Parsers\Shop.Parsers.Samson\Shop.Parsers.SamsonOpt.Model\Shop.Parsers.SamsonOpt.Model.csproj", "{F6200FF9-B107-42F5-8F24-F8985508052F}"
EndProject
Project("{9A19103F-16F7-4668-BE54-9A1E7A4F7556}") = "Shop.Api", "Shop.Core\Shop.Api\Shop.Api.csproj", "{01DE3E4C-19AA-4400-86D9-FD9FE3A7D549}"
EndProject
Project("{9A19103F-16F7-4668-BE54-9A1E7A4F7556}") = "Shop.Data", "Shop.Core\Shop.Data\Shop.Data.csproj", "{4E3FE413-2AEA-4691-A564-D5D728A1408E}"
EndProject
Project("{9A19103F-16F7-4668-BE54-9A1E7A4F7556}") = "Shop.Models", "Shop.Core\Shop.Models\Shop.Models.csproj", "{8B1E1881-BD43-40D2-9EC5-B1F2D2A1A439}"
EndProject
Project("{FAE04EC0-301F-11D3-BF4B-00C04F79EFBC}") = "Shop.Services", "Shop.Core\Shop.Services\Shop.Services.csproj", "{0246E254-199C-43AF-8531-85E48AD4E3B0}"
EndProject
Global
	GlobalSection(SolutionConfigurationPlatforms) = preSolution
		Debug|Any CPU = Debug|Any CPU
		Release|Any CPU = Release|Any CPU
	EndGlobalSection
	GlobalSection(ProjectConfigurationPlatforms) = postSolution
		{E61DF1CB-6F3B-4238-9498-AF69EFDCBB99}.Debug|Any CPU.ActiveCfg = Debug|Any CPU
		{E61DF1CB-6F3B-4238-9498-AF69EFDCBB99}.Release|Any CPU.ActiveCfg = Release|Any CPU
		{E61DF1CB-6F3B-4238-9498-AF69EFDCBB99}.Release|Any CPU.Build.0 = Release|Any CPU
		{157E7054-3B11-43B7-AD5D-1DDD6857E709}.Debug|Any CPU.ActiveCfg = Debug|Any CPU
		{157E7054-3B11-43B7-AD5D-1DDD6857E709}.Debug|Any CPU.Build.0 = Debug|Any CPU
		{157E7054-3B11-43B7-AD5D-1DDD6857E709}.Release|Any CPU.ActiveCfg = Release|Any CPU
		{157E7054-3B11-43B7-AD5D-1DDD6857E709}.Release|Any CPU.Build.0 = Release|Any CPU
		{E8DB3DD5-D527-4F44-A23E-84A83E76AD74}.Debug|Any CPU.ActiveCfg = Debug|Any CPU
		{E8DB3DD5-D527-4F44-A23E-84A83E76AD74}.Debug|Any CPU.Build.0 = Debug|Any CPU
		{E8DB3DD5-D527-4F44-A23E-84A83E76AD74}.Release|Any CPU.ActiveCfg = Release|Any CPU
		{E8DB3DD5-D527-4F44-A23E-84A83E76AD74}.Release|Any CPU.Build.0 = Release|Any CPU
		{AD59FE8D-E9E8-4CCD-AC39-424B78309CFC}.Debug|Any CPU.ActiveCfg = Debug|Any CPU
		{AD59FE8D-E9E8-4CCD-AC39-424B78309CFC}.Debug|Any CPU.Build.0 = Debug|Any CPU
		{AD59FE8D-E9E8-4CCD-AC39-424B78309CFC}.Release|Any CPU.ActiveCfg = Release|Any CPU
		{AD59FE8D-E9E8-4CCD-AC39-424B78309CFC}.Release|Any CPU.Build.0 = Release|Any CPU
		{F6200FF9-B107-42F5-8F24-F8985508052F}.Debug|Any CPU.ActiveCfg = Debug|Any CPU
		{F6200FF9-B107-42F5-8F24-F8985508052F}.Debug|Any CPU.Build.0 = Debug|Any CPU
		{F6200FF9-B107-42F5-8F24-F8985508052F}.Release|Any CPU.ActiveCfg = Release|Any CPU
		{F6200FF9-B107-42F5-8F24-F8985508052F}.Release|Any CPU.Build.0 = Release|Any CPU
		{01DE3E4C-19AA-4400-86D9-FD9FE3A7D549}.Debug|Any CPU.ActiveCfg = Debug|Any CPU
		{01DE3E4C-19AA-4400-86D9-FD9FE3A7D549}.Debug|Any CPU.Build.0 = Debug|Any CPU
		{01DE3E4C-19AA-4400-86D9-FD9FE3A7D549}.Release|Any CPU.ActiveCfg = Release|Any CPU
		{01DE3E4C-19AA-4400-86D9-FD9FE3A7D549}.Release|Any CPU.Build.0 = Release|Any CPU
		{4E3FE413-2AEA-4691-A564-D5D728A1408E}.Debug|Any CPU.ActiveCfg = Debug|Any CPU
		{4E3FE413-2AEA-4691-A564-D5D728A1408E}.Debug|Any CPU.Build.0 = Debug|Any CPU
		{4E3FE413-2AEA-4691-A564-D5D728A1408E}.Release|Any CPU.ActiveCfg = Release|Any CPU
		{4E3FE413-2AEA-4691-A564-D5D728A1408E}.Release|Any CPU.Build.0 = Release|Any CPU
		{8B1E1881-BD43-40D2-9EC5-B1F2D2A1A439}.Debug|Any CPU.ActiveCfg = Debug|Any CPU
		{8B1E1881-BD43-40D2-9EC5-B1F2D2A1A439}.Debug|Any CPU.Build.0 = Debug|Any CPU
		{8B1E1881-BD43-40D2-9EC5-B1F2D2A1A439}.Release|Any CPU.ActiveCfg = Release|Any CPU
		{8B1E1881-BD43-40D2-9EC5-B1F2D2A1A439}.Release|Any CPU.Build.0 = Release|Any CPU
		{0246E254-199C-43AF-8531-85E48AD4E3B0}.Debug|Any CPU.ActiveCfg = Debug|Any CPU
		{0246E254-199C-43AF-8531-85E48AD4E3B0}.Debug|Any CPU.Build.0 = Debug|Any CPU
		{0246E254-199C-43AF-8531-85E48AD4E3B0}.Release|Any CPU.ActiveCfg = Release|Any CPU
		{0246E254-199C-43AF-8531-85E48AD4E3B0}.Release|Any CPU.Build.0 = Release|Any CPU
	EndGlobalSection
	GlobalSection(SolutionProperties) = preSolution
		HideSolutionNode = FALSE
	EndGlobalSection
	GlobalSection(NestedProjects) = preSolution
		{58597C39-58A9-4FB2-B0B2-3D8A5FCFB909} = {205E2533-DAA2-4620-A83D-59A32399D5E3}
		{157E7054-3B11-43B7-AD5D-1DDD6857E709} = {EC326E35-A355-4940-AFED-9202F0BC393C}
		{E8DB3DD5-D527-4F44-A23E-84A83E76AD74} = {58597C39-58A9-4FB2-B0B2-3D8A5FCFB909}
		{AD59FE8D-E9E8-4CCD-AC39-424B78309CFC} = {58597C39-58A9-4FB2-B0B2-3D8A5FCFB909}
		{F6200FF9-B107-42F5-8F24-F8985508052F} = {58597C39-58A9-4FB2-B0B2-3D8A5FCFB909}
		{01DE3E4C-19AA-4400-86D9-FD9FE3A7D549} = {EC326E35-A355-4940-AFED-9202F0BC393C}
		{4E3FE413-2AEA-4691-A564-D5D728A1408E} = {EC326E35-A355-4940-AFED-9202F0BC393C}
		{8B1E1881-BD43-40D2-9EC5-B1F2D2A1A439} = {EC326E35-A355-4940-AFED-9202F0BC393C}
		{0246E254-199C-43AF-8531-85E48AD4E3B0} = {EC326E35-A355-4940-AFED-9202F0BC393C}
	EndGlobalSection
	GlobalSection(ExtensibilityGlobals) = postSolution
		SolutionGuid = {B1A32EEC-B963-4576-9923-9F05FF2A667E}
	EndGlobalSection
EndGlobal
