
Microsoft Visual Studio Solution File, Format Version 12.00
# Visual Studio 15
VisualStudioVersion = 15.0.27703.2026
MinimumVisualStudioVersion = 10.0.40219.1
Project("{2150E333-8FDC-42A3-9474-1A3956D46DE8}") = "Shop.Core", "Shop.Core", "{18FA519C-51B5-4603-BF29-32773CCE490E}"
EndProject
Project("{2150E333-8FDC-42A3-9474-1A3956D46DE8}") = "Shop.SamsonOpt", "Shop.SamsonOpt", "{74FFD37B-3FA7-4B9C-9A7B-0A5AD393D5F2}"
EndProject
Project("{E53339B2-1760-4266-BCC7-CA923CBCF16C}") = "docker-compose", "docker-compose.dcproj", "{6F0ADC10-284C-48AA-B7C3-44B6FB00F929}"
EndProject
Project("{FAE04EC0-301F-11D3-BF4B-00C04F79EFBC}") = "Shop.Api", "Shop.Api\Shop.Api.csproj", "{22A69F2B-3F4C-4CC0-9FF1-F185C2A3471E}"
EndProject
Project("{FAE04EC0-301F-11D3-BF4B-00C04F79EFBC}") = "Shop.SamsonOpt.Service", "Shop.SamsonOpt.Service\Shop.SamsonOpt.Service.csproj", "{BFD8F8D6-2774-4F10-98B9-28DCC30EA9D0}"
EndProject
Project("{FAE04EC0-301F-11D3-BF4B-00C04F79EFBC}") = "Shop.SamsonOpt.Parser", "Shop.SamsonOpt.Parser\Shop.SamsonOpt.Parser.csproj", "{CF3AB4F4-8216-4D3B-B8DC-65E12F97BB9B}"
EndProject
Project("{FAE04EC0-301F-11D3-BF4B-00C04F79EFBC}") = "Shop.SamsonOpt.Model", "Shop.SamsonOpt.Model\Shop.SamsonOpt.Model.csproj", "{365DC578-76AD-4C53-A144-796CB8455B82}"
EndProject
Project("{FAE04EC0-301F-11D3-BF4B-00C04F79EFBC}") = "Shop.ServiceModel", "Shop.ServiceModel\Shop.ServiceModel.csproj", "{8223FCB2-DD87-41F0-8B76-D12359C09EA5}"
EndProject
Project("{FAE04EC0-301F-11D3-BF4B-00C04F79EFBC}") = "Shop.Infrastructure", "Shop.Infrastructure\Shop.Infrastructure.csproj", "{24C7D4A0-A944-49C7-91AC-2D49BD3E3C8F}"
EndProject
Global
	GlobalSection(SolutionConfigurationPlatforms) = preSolution
		Debug|Any CPU = Debug|Any CPU
		Release|Any CPU = Release|Any CPU
	EndGlobalSection
	GlobalSection(ProjectConfigurationPlatforms) = postSolution
		{6F0ADC10-284C-48AA-B7C3-44B6FB00F929}.Debug|Any CPU.ActiveCfg = Debug|Any CPU
		{6F0ADC10-284C-48AA-B7C3-44B6FB00F929}.Debug|Any CPU.Build.0 = Debug|Any CPU
		{6F0ADC10-284C-48AA-B7C3-44B6FB00F929}.Release|Any CPU.ActiveCfg = Release|Any CPU
		{6F0ADC10-284C-48AA-B7C3-44B6FB00F929}.Release|Any CPU.Build.0 = Release|Any CPU
		{22A69F2B-3F4C-4CC0-9FF1-F185C2A3471E}.Debug|Any CPU.ActiveCfg = Debug|Any CPU
		{22A69F2B-3F4C-4CC0-9FF1-F185C2A3471E}.Debug|Any CPU.Build.0 = Debug|Any CPU
		{22A69F2B-3F4C-4CC0-9FF1-F185C2A3471E}.Release|Any CPU.ActiveCfg = Release|Any CPU
		{22A69F2B-3F4C-4CC0-9FF1-F185C2A3471E}.Release|Any CPU.Build.0 = Release|Any CPU
		{BFD8F8D6-2774-4F10-98B9-28DCC30EA9D0}.Debug|Any CPU.ActiveCfg = Debug|Any CPU
		{BFD8F8D6-2774-4F10-98B9-28DCC30EA9D0}.Debug|Any CPU.Build.0 = Debug|Any CPU
		{BFD8F8D6-2774-4F10-98B9-28DCC30EA9D0}.Release|Any CPU.ActiveCfg = Release|Any CPU
		{BFD8F8D6-2774-4F10-98B9-28DCC30EA9D0}.Release|Any CPU.Build.0 = Release|Any CPU
		{CF3AB4F4-8216-4D3B-B8DC-65E12F97BB9B}.Debug|Any CPU.ActiveCfg = Debug|Any CPU
		{CF3AB4F4-8216-4D3B-B8DC-65E12F97BB9B}.Debug|Any CPU.Build.0 = Debug|Any CPU
		{CF3AB4F4-8216-4D3B-B8DC-65E12F97BB9B}.Release|Any CPU.ActiveCfg = Release|Any CPU
		{CF3AB4F4-8216-4D3B-B8DC-65E12F97BB9B}.Release|Any CPU.Build.0 = Release|Any CPU
		{365DC578-76AD-4C53-A144-796CB8455B82}.Debug|Any CPU.ActiveCfg = Debug|Any CPU
		{365DC578-76AD-4C53-A144-796CB8455B82}.Debug|Any CPU.Build.0 = Debug|Any CPU
		{365DC578-76AD-4C53-A144-796CB8455B82}.Release|Any CPU.ActiveCfg = Release|Any CPU
		{365DC578-76AD-4C53-A144-796CB8455B82}.Release|Any CPU.Build.0 = Release|Any CPU
		{8223FCB2-DD87-41F0-8B76-D12359C09EA5}.Debug|Any CPU.ActiveCfg = Debug|Any CPU
		{8223FCB2-DD87-41F0-8B76-D12359C09EA5}.Debug|Any CPU.Build.0 = Debug|Any CPU
		{8223FCB2-DD87-41F0-8B76-D12359C09EA5}.Release|Any CPU.ActiveCfg = Release|Any CPU
		{8223FCB2-DD87-41F0-8B76-D12359C09EA5}.Release|Any CPU.Build.0 = Release|Any CPU
		{24C7D4A0-A944-49C7-91AC-2D49BD3E3C8F}.Debug|Any CPU.ActiveCfg = Debug|Any CPU
		{24C7D4A0-A944-49C7-91AC-2D49BD3E3C8F}.Debug|Any CPU.Build.0 = Debug|Any CPU
		{24C7D4A0-A944-49C7-91AC-2D49BD3E3C8F}.Release|Any CPU.ActiveCfg = Release|Any CPU
		{24C7D4A0-A944-49C7-91AC-2D49BD3E3C8F}.Release|Any CPU.Build.0 = Release|Any CPU
	EndGlobalSection
	GlobalSection(SolutionProperties) = preSolution
		HideSolutionNode = FALSE
	EndGlobalSection
	GlobalSection(NestedProjects) = preSolution
		{22A69F2B-3F4C-4CC0-9FF1-F185C2A3471E} = {18FA519C-51B5-4603-BF29-32773CCE490E}
		{BFD8F8D6-2774-4F10-98B9-28DCC30EA9D0} = {74FFD37B-3FA7-4B9C-9A7B-0A5AD393D5F2}
		{CF3AB4F4-8216-4D3B-B8DC-65E12F97BB9B} = {74FFD37B-3FA7-4B9C-9A7B-0A5AD393D5F2}
		{365DC578-76AD-4C53-A144-796CB8455B82} = {74FFD37B-3FA7-4B9C-9A7B-0A5AD393D5F2}
		{8223FCB2-DD87-41F0-8B76-D12359C09EA5} = {18FA519C-51B5-4603-BF29-32773CCE490E}
		{24C7D4A0-A944-49C7-91AC-2D49BD3E3C8F} = {18FA519C-51B5-4603-BF29-32773CCE490E}
	EndGlobalSection
	GlobalSection(ExtensibilityGlobals) = postSolution
		SolutionGuid = {C4FF0554-8329-400A-A959-07AEDB1E1ACA}
	EndGlobalSection
EndGlobal
